
Microsoft Visual Studio Solution File, Format Version 12.00
# Visual Studio 15
VisualStudioVersion = 15.0.33026.149
MinimumVisualStudioVersion = 10.0.40219.1
Project("{FAE04EC0-301F-11D3-BF4B-00C04F79EFBC}") = "2.3", "2.3\2.3.csproj", "{7D11ECD9-BC81-4EB6-998F-C113EFE58282}"
EndProject
Global
	GlobalSection(SolutionConfigurationPlatforms) = preSolution
		Debug|Any CPU = Debug|Any CPU
		Release|Any CPU = Release|Any CPU
	EndGlobalSection
	GlobalSection(ProjectConfigurationPlatforms) = postSolution
		{7D11ECD9-BC81-4EB6-998F-C113EFE58282}.Debug|Any CPU.ActiveCfg = Debug|Any CPU
		{7D11ECD9-BC81-4EB6-998F-C113EFE58282}.Debug|Any CPU.Build.0 = Debug|Any CPU
		{7D11ECD9-BC81-4EB6-998F-C113EFE58282}.Release|Any CPU.ActiveCfg = Release|Any CPU
		{7D11ECD9-BC81-4EB6-998F-C113EFE58282}.Release|Any CPU.Build.0 = Release|Any CPU
	EndGlobalSection
	GlobalSection(SolutionProperties) = preSolution
		HideSolutionNode = FALSE
	EndGlobalSection
	GlobalSection(ExtensibilityGlobals) = postSolution
		SolutionGuid = {88CE016F-017B-483C-B51A-3A3137989894}
	EndGlobalSection
EndGlobal
